PODS:
  - ZQKeyboardEmotionView (0.1.0)

DEPENDENCIES:
  - ZQKeyboardEmotionView (from `../`)

EXTERNAL SOURCES:
  ZQKeyboardEmotionView:
    :path: "../"

SPEC CHECKSUMS:
  ZQKeyboardEmotionView: 9cdb6a48641ce71ad15cf684025ee0049efdf811

PODFILE CHECKSUM: ebc178b7c8a941baaab27250e6baba12ae0387b0

COCOAPODS: 1.11.3
